
Microsoft Visual Studio Solution File, Format Version 12.00
Project("{FAE04EC0-301F-11D3-BF4B-00C04F79EFBC}") = "RestfulAPI", "RestfulAPI\RestfulAPI.csproj", "{D3A10B66-89AA-41E4-AD75-59CF1BA7FDDF}"
EndProject
Global
	GlobalSection(SolutionConfigurationPlatforms) = preSolution
		Debug|Any CPU = Debug|Any CPU
		Release|Any CPU = Release|Any CPU
	EndGlobalSection
	GlobalSection(ProjectConfigurationPlatforms) = postSolution
		{D3A10B66-89AA-41E4-AD75-59CF1BA7FDDF}.Debug|Any CPU.ActiveCfg = Debug|Any CPU
		{D3A10B66-89AA-41E4-AD75-59CF1BA7FDDF}.Debug|Any CPU.Build.0 = Debug|Any CPU
		{D3A10B66-89AA-41E4-AD75-59CF1BA7FDDF}.Release|Any CPU.ActiveCfg = Release|Any CPU
		{D3A10B66-89AA-41E4-AD75-59CF1BA7FDDF}.Release|Any CPU.Build.0 = Release|Any CPU
	EndGlobalSection
EndGlobal
